
Microsoft Visual Studio Solution File, Format Version 12.00
# Visual Studio Version 17
VisualStudioVersion = 17.0.31903.59
MinimumVisualStudioVersion = 10.0.40219.1
Project("{FAE04EC0-301F-11D3-BF4B-00C04F79EFBC}") = "01", "01\01.csproj", "{16F9ACE9-C5CB-41A3-BB92-E601D06BF9CA}"
EndProject
Project("{FAE04EC0-301F-11D3-BF4B-00C04F79EFBC}") = "02", "02\02.csproj", "{688E44EE-694E-4FF8-B92D-CEF3572C074B}"
EndProject
Project("{FAE04EC0-301F-11D3-BF4B-00C04F79EFBC}") = "Advent", "Advent\Advent.csproj", "{640C3858-B84B-4260-A9B1-A5E6E9FD8D6D}"
EndProject
Project("{FAE04EC0-301F-11D3-BF4B-00C04F79EFBC}") = "03", "03\03.csproj", "{350DC2CE-3F17-4EA8-A687-15A36FA782B1}"
EndProject
Project("{FAE04EC0-301F-11D3-BF4B-00C04F79EFBC}") = "04", "04\04.csproj", "{62DBFC84-AFDD-4FF6-A285-8FD189C58604}"
EndProject
Project("{FAE04EC0-301F-11D3-BF4B-00C04F79EFBC}") = "05", "05\05.csproj", "{522BB3D8-E3C5-409B-91B4-A075A85FA337}"
EndProject
Project("{FAE04EC0-301F-11D3-BF4B-00C04F79EFBC}") = "06", "06\06.csproj", "{923295BC-9899-4C98-A5C5-FABD6235F932}"
EndProject
Project("{FAE04EC0-301F-11D3-BF4B-00C04F79EFBC}") = "07", "07\07.csproj", "{0557F202-C711-4578-9E22-706E83292E62}"
EndProject
Project("{FAE04EC0-301F-11D3-BF4B-00C04F79EFBC}") = "08", "08\08.csproj", "{B8A44318-0F59-415B-95F4-F6FAAC35F75B}"
EndProject
Global
	GlobalSection(SolutionConfigurationPlatforms) = preSolution
		Debug|Any CPU = Debug|Any CPU
		Release|Any CPU = Release|Any CPU
	EndGlobalSection
	GlobalSection(SolutionProperties) = preSolution
		HideSolutionNode = FALSE
	EndGlobalSection
	GlobalSection(ProjectConfigurationPlatforms) = postSolution
		{16F9ACE9-C5CB-41A3-BB92-E601D06BF9CA}.Debug|Any CPU.ActiveCfg = Debug|Any CPU
		{16F9ACE9-C5CB-41A3-BB92-E601D06BF9CA}.Debug|Any CPU.Build.0 = Debug|Any CPU
		{16F9ACE9-C5CB-41A3-BB92-E601D06BF9CA}.Release|Any CPU.ActiveCfg = Release|Any CPU
		{16F9ACE9-C5CB-41A3-BB92-E601D06BF9CA}.Release|Any CPU.Build.0 = Release|Any CPU
		{688E44EE-694E-4FF8-B92D-CEF3572C074B}.Debug|Any CPU.ActiveCfg = Debug|Any CPU
		{688E44EE-694E-4FF8-B92D-CEF3572C074B}.Debug|Any CPU.Build.0 = Debug|Any CPU
		{688E44EE-694E-4FF8-B92D-CEF3572C074B}.Release|Any CPU.ActiveCfg = Release|Any CPU
		{688E44EE-694E-4FF8-B92D-CEF3572C074B}.Release|Any CPU.Build.0 = Release|Any CPU
		{640C3858-B84B-4260-A9B1-A5E6E9FD8D6D}.Debug|Any CPU.ActiveCfg = Debug|Any CPU
		{640C3858-B84B-4260-A9B1-A5E6E9FD8D6D}.Debug|Any CPU.Build.0 = Debug|Any CPU
		{640C3858-B84B-4260-A9B1-A5E6E9FD8D6D}.Release|Any CPU.ActiveCfg = Release|Any CPU
		{640C3858-B84B-4260-A9B1-A5E6E9FD8D6D}.Release|Any CPU.Build.0 = Release|Any CPU
		{350DC2CE-3F17-4EA8-A687-15A36FA782B1}.Debug|Any CPU.ActiveCfg = Debug|Any CPU
		{350DC2CE-3F17-4EA8-A687-15A36FA782B1}.Debug|Any CPU.Build.0 = Debug|Any CPU
		{350DC2CE-3F17-4EA8-A687-15A36FA782B1}.Release|Any CPU.ActiveCfg = Release|Any CPU
		{350DC2CE-3F17-4EA8-A687-15A36FA782B1}.Release|Any CPU.Build.0 = Release|Any CPU
		{62DBFC84-AFDD-4FF6-A285-8FD189C58604}.Debug|Any CPU.ActiveCfg = Debug|Any CPU
		{62DBFC84-AFDD-4FF6-A285-8FD189C58604}.Debug|Any CPU.Build.0 = Debug|Any CPU
		{62DBFC84-AFDD-4FF6-A285-8FD189C58604}.Release|Any CPU.ActiveCfg = Release|Any CPU
		{62DBFC84-AFDD-4FF6-A285-8FD189C58604}.Release|Any CPU.Build.0 = Release|Any CPU
		{522BB3D8-E3C5-409B-91B4-A075A85FA337}.Debug|Any CPU.ActiveCfg = Debug|Any CPU
		{522BB3D8-E3C5-409B-91B4-A075A85FA337}.Debug|Any CPU.Build.0 = Debug|Any CPU
		{522BB3D8-E3C5-409B-91B4-A075A85FA337}.Release|Any CPU.ActiveCfg = Release|Any CPU
		{522BB3D8-E3C5-409B-91B4-A075A85FA337}.Release|Any CPU.Build.0 = Release|Any CPU
		{923295BC-9899-4C98-A5C5-FABD6235F932}.Debug|Any CPU.ActiveCfg = Debug|Any CPU
		{923295BC-9899-4C98-A5C5-FABD6235F932}.Debug|Any CPU.Build.0 = Debug|Any CPU
		{923295BC-9899-4C98-A5C5-FABD6235F932}.Release|Any CPU.ActiveCfg = Release|Any CPU
		{923295BC-9899-4C98-A5C5-FABD6235F932}.Release|Any CPU.Build.0 = Release|Any CPU
		{0557F202-C711-4578-9E22-706E83292E62}.Debug|Any CPU.ActiveCfg = Debug|Any CPU
		{0557F202-C711-4578-9E22-706E83292E62}.Debug|Any CPU.Build.0 = Debug|Any CPU
		{0557F202-C711-4578-9E22-706E83292E62}.Release|Any CPU.ActiveCfg = Release|Any CPU
		{0557F202-C711-4578-9E22-706E83292E62}.Release|Any CPU.Build.0 = Release|Any CPU
		{B8A44318-0F59-415B-95F4-F6FAAC35F75B}.Debug|Any CPU.ActiveCfg = Debug|Any CPU
		{B8A44318-0F59-415B-95F4-F6FAAC35F75B}.Debug|Any CPU.Build.0 = Debug|Any CPU
		{B8A44318-0F59-415B-95F4-F6FAAC35F75B}.Release|Any CPU.ActiveCfg = Release|Any CPU
		{B8A44318-0F59-415B-95F4-F6FAAC35F75B}.Release|Any CPU.Build.0 = Release|Any CPU
	EndGlobalSection
EndGlobal
